{
  "version": "3",
  "packages": {
    "specifiers": {
      "jsr:@db/sqlite@0.11": "jsr:@db/sqlite@0.11.1",
      "jsr:@denosaurs/plug@1": "jsr:@denosaurs/plug@1.0.6",
      "jsr:@std/assert@^0.217.0": "jsr:@std/assert@0.217.0",
      "jsr:@std/assert@^0.221.0": "jsr:@std/assert@0.221.0",
      "jsr:@std/cli": "jsr:@std/cli@1.0.0",
      "jsr:@std/cli@^1.0.0": "jsr:@std/cli@1.0.0",
      "jsr:@std/encoding@^0.221.0": "jsr:@std/encoding@0.221.0",
      "jsr:@std/encoding@^1.0.1": "jsr:@std/encoding@1.0.1",
      "jsr:@std/fmt@^0.221.0": "jsr:@std/fmt@0.221.0",
      "jsr:@std/fs@^0.221.0": "jsr:@std/fs@0.221.0",
      "jsr:@std/path@0.217": "jsr:@std/path@0.217.0",
      "jsr:@std/path@^0.221.0": "jsr:@std/path@0.221.0",
      "jsr:@std/path@^1.0.1": "jsr:@std/path@1.0.1",
      "npm:@msgpack/msgpack": "npm:@msgpack/msgpack@3.0.0-beta2",
      "npm:@types/node": "npm:@types/node@18.16.19",
      "npm:chalk": "npm:chalk@5.3.0",
      "npm:level-rocksdb": "npm:level-rocksdb@5.0.0",
      "npm:snappyjs": "npm:snappyjs@0.7.0"
    },
    "jsr": {
      "@db/sqlite@0.11.1": {
        "integrity": "546434e7ed762db07e6ade0f963540dd5e06723b802937bf260ff855b21ef9c5",
        "dependencies": [
          "jsr:@denosaurs/plug@1",
          "jsr:@std/path@0.217"
        ]
      },
      "@denosaurs/plug@1.0.6": {
        "integrity": "6cf5b9daba7799837b9ffbe89f3450510f588fafef8115ddab1ff0be9cb7c1a7",
        "dependencies": [
          "jsr:@std/encoding@^0.221.0",
          "jsr:@std/fmt@^0.221.0",
          "jsr:@std/fs@^0.221.0",
          "jsr:@std/path@^0.221.0"
        ]
      },
      "@std/assert@0.217.0": {
        "integrity": "c98e279362ca6982d5285c3b89517b757c1e3477ee9f14eb2fdf80a45aaa9642"
      },
      "@std/assert@0.221.0": {
        "integrity": "a5f1aa6e7909dbea271754fd4ab3f4e687aeff4873b4cef9a320af813adb489a"
      },
      "@std/cli@1.0.0": {
        "integrity": "3c38f1da21bff0d25a9e6d97139ef2eb9ba334b5910da92c0169b44f38655f08"
      },
      "@std/encoding@0.221.0": {
        "integrity": "d1dd76ef0dc5d14088411e6dc1dede53bf8308c95d1537df1214c97137208e45"
      },
      "@std/encoding@1.0.1": {
        "integrity": "5955c6c542ebb4ce6587c3b548dc71e07a6c27614f1976d1d3887b1196cf4e65"
      },
      "@std/fmt@0.221.0": {
        "integrity": "379fed69bdd9731110f26b9085aeb740606b20428ce6af31ef6bd45ef8efa62a"
      },
      "@std/fs@0.221.0": {
        "integrity": "028044450299de8ed5a716ade4e6d524399f035513b85913794f4e81f07da286",
        "dependencies": [
          "jsr:@std/assert@^0.221.0",
          "jsr:@std/path@^0.221.0"
        ]
      },
      "@std/path@0.217.0": {
        "integrity": "1217cc25534bca9a2f672d7fe7c6f356e4027df400c0e85c0ef3e4343bc67d11",
        "dependencies": [
          "jsr:@std/assert@^0.217.0"
        ]
      },
      "@std/path@0.221.0": {
        "integrity": "0a36f6b17314ef653a3a1649740cc8db51b25a133ecfe838f20b79a56ebe0095",
        "dependencies": [
          "jsr:@std/assert@^0.221.0"
        ]
      },
      "@std/path@1.0.1": {
        "integrity": "e061ff02c28481ca49e3a14981875c345e9fc7e973190672782cd0ac8af70428"
      }
    },
    "npm": {
      "@msgpack/msgpack@3.0.0-beta2": {
        "integrity": "sha512-y+l1PNV0XDyY8sM3YtuMLK5vE3/hkfId+Do8pLo/OPxfxuFAUwcGz3oiiUuV46/aBpwTzZ+mRWVMtlSKbradhw==",
        "dependencies": {}
      },
      "@types/node@18.16.19": {
        "integrity": "sha512-IXl7o+R9iti9eBW4Wg2hx1xQDig183jj7YLn8F7udNceyfkbn1ZxmzZXuak20gR40D7pIkIY1kYGx5VIGbaHKA==",
        "dependencies": {}
      },
      "abstract-leveldown@7.2.0": {
        "integrity": "sha512-DnhQwcFEaYsvYDnACLZhMmCWd3rkOeEvglpa4q5i/5Jlm3UIsWaxVzuXvDLFCSCWRO3yy2/+V/G7FusFgejnfQ==",
        "dependencies": {
          "buffer": "buffer@6.0.3",
          "catering": "catering@2.1.1",
          "is-buffer": "is-buffer@2.0.5",
          "level-concat-iterator": "level-concat-iterator@3.1.0",
          "level-supports": "level-supports@2.1.0",
          "queue-microtask": "queue-microtask@1.2.3"
        }
      },
      "base64-js@1.5.1": {
        "integrity": "sha512-AKpaYlHn8t4SVbOHCy+b5+KKgvR4vrsD8vbvrbiQJps7fKDTkjkDry6ji0rUJjC0kzbNePLwzxq8iypo41qeWA==",
        "dependencies": {}
      },
      "buffer@6.0.3": {
        "integrity": "sha512-FTiCpNxtwiZZHEZbcbTIcZjERVICn9yq/pDFkTl95/AxzD1naBctN7YO68riM/gLSDY7sdrMby8hofADYuuqOA==",
        "dependencies": {
          "base64-js": "base64-js@1.5.1",
          "ieee754": "ieee754@1.2.1"
        }
      },
      "catering@2.1.1": {
        "integrity": "sha512-K7Qy8O9p76sL3/3m7/zLKbRkyOlSZAgzEaLhyj2mXS8PsCud2Eo4hAb8aLtZqHh0QGqLcb9dlJSu6lHRVENm1w==",
        "dependencies": {}
      },
      "chalk@5.3.0": {
        "integrity": "sha512-dLitG79d+GV1Nb/VYcCDFivJeK1hiukt9QjRNVOsUtTy1rR1YJsmpGGTZ3qJos+uw7WmWF4wUwBd9jxjocFC2w==",
        "dependencies": {}
      },
      "deferred-leveldown@7.0.0": {
        "integrity": "sha512-QKN8NtuS3BC6m0B8vAnBls44tX1WXAFATUsJlruyAYbZpysWV3siH6o/i3g9DCHauzodksO60bdj5NazNbjCmg==",
        "dependencies": {
          "abstract-leveldown": "abstract-leveldown@7.2.0",
          "inherits": "inherits@2.0.4"
        }
      },
      "encoding-down@7.1.0": {
        "integrity": "sha512-ky47X5jP84ryk5EQmvedQzELwVJPjCgXDQZGeb9F6r4PdChByCGHTBrVcF3h8ynKVJ1wVbkxTsDC8zBROPypgQ==",
        "dependencies": {
          "abstract-leveldown": "abstract-leveldown@7.2.0",
          "inherits": "inherits@2.0.4",
          "level-codec": "level-codec@10.0.0",
          "level-errors": "level-errors@3.0.1"
        }
      },
      "ieee754@1.2.1": {
        "integrity": "sha512-dcyqhDvX1C46lXZcVqCpK+FtMRQVdIMN6/Df5js2zouUsqG7I6sFxitIC+7KYK29KdXOLHdu9zL4sFnoVQnqaA==",
        "dependencies": {}
      },
      "inherits@2.0.4": {
        "integrity": "sha512-k/vGaX4/Yla3WzyMCvTQOXYeIHvqOKtnqBduzTHpzpQZzAskKMhZ2K+EnBiSM9zGSoIFeMpXKxa4dYeZIQqewQ==",
        "dependencies": {}
      },
      "is-buffer@2.0.5": {
        "integrity": "sha512-i2R6zNFDwgEHJyQUtJEk0XFi1i0dPFn/oqjK3/vPCcDeJvW5NQ83V8QbicfF1SupOaB0h8ntgBC2YiE7dfyctQ==",
        "dependencies": {}
      },
      "level-codec@10.0.0": {
        "integrity": "sha512-QW3VteVNAp6c/LuV6nDjg7XDXx9XHK4abmQarxZmlRSDyXYk20UdaJTSX6yzVvQ4i0JyWSB7jert0DsyD/kk6g==",
        "dependencies": {
          "buffer": "buffer@6.0.3"
        }
      },
      "level-concat-iterator@3.1.0": {
        "integrity": "sha512-BWRCMHBxbIqPxJ8vHOvKUsaO0v1sLYZtjN3K2iZJsRBYtp+ONsY6Jfi6hy9K3+zolgQRryhIn2NRZjZnWJ9NmQ==",
        "dependencies": {
          "catering": "catering@2.1.1"
        }
      },
      "level-errors@3.0.1": {
        "integrity": "sha512-tqTL2DxzPDzpwl0iV5+rBCv65HWbHp6eutluHNcVIftKZlQN//b6GEnZDM2CvGZvzGYMwyPtYppYnydBQd2SMQ==",
        "dependencies": {}
      },
      "level-iterator-stream@5.0.0": {
        "integrity": "sha512-wnb1+o+CVFUDdiSMR/ZymE2prPs3cjVLlXuDeSq9Zb8o032XrabGEXcTCsBxprAtseO3qvFeGzh6406z9sOTRA==",
        "dependencies": {
          "inherits": "inherits@2.0.4",
          "readable-stream": "readable-stream@3.6.2"
        }
      },
      "level-packager@6.0.1": {
        "integrity": "sha512-8Ezr0XM6hmAwqX9uu8IGzGNkWz/9doyPA8Oo9/D7qcMI6meJC+XhIbNYHukJhIn8OGdlzQs/JPcL9B8lA2F6EQ==",
        "dependencies": {
          "encoding-down": "encoding-down@7.1.0",
          "levelup": "levelup@5.1.1"
        }
      },
      "level-rocksdb@5.0.0": {
        "integrity": "sha512-nS/HcKFdzS/kzLIN2PYpeamesqgZVR3fz430/PpW0Q2NLVMPfvJogo0ndwwDotk0KBEq41V1J24B7OKDAG5/dw==",
        "dependencies": {
          "level-packager": "level-packager@6.0.1",
          "rocksdb": "rocksdb@5.2.1"
        }
      },
      "level-supports@2.1.0": {
        "integrity": "sha512-E486g1NCjW5cF78KGPrMDRBYzPuueMZ6VBXHT6gC7A8UYWGiM14fGgp+s/L1oFfDWSPV/+SFkYCmZ0SiESkRKA==",
        "dependencies": {}
      },
      "levelup@5.1.1": {
        "integrity": "sha512-0mFCcHcEebOwsQuk00WJwjLI6oCjbBuEYdh/RaRqhjnyVlzqf41T1NnDtCedumZ56qyIh8euLFDqV1KfzTAVhg==",
        "dependencies": {
          "catering": "catering@2.1.1",
          "deferred-leveldown": "deferred-leveldown@7.0.0",
          "level-errors": "level-errors@3.0.1",
          "level-iterator-stream": "level-iterator-stream@5.0.0",
          "level-supports": "level-supports@2.1.0",
          "queue-microtask": "queue-microtask@1.2.3"
        }
      },
      "napi-macros@2.2.2": {
        "integrity": "sha512-hmEVtAGYzVQpCKdbQea4skABsdXW4RUh5t5mJ2zzqowJS2OyXZTU1KhDVFhx+NlWZ4ap9mqR9TcDO3LTTttd+g==",
        "dependencies": {}
      },
      "node-gyp-build@4.8.1": {
        "integrity": "sha512-OSs33Z9yWr148JZcbZd5WiAXhh/n9z8TxQcdMhIOlpN9AhWpLfvVFO73+m77bBABQMaY9XSvIa+qk0jlI7Gcaw==",
        "dependencies": {}
      },
      "queue-microtask@1.2.3": {
        "integrity": "sha512-NuaNSa6flKT5JaSYQzJok04JzTL1CA6aGhv5rfLW3PgqA+M2ChpZQnAC8h8i4ZFkBS8X5RqkDBHA7r4hej3K9A==",
        "dependencies": {}
      },
      "readable-stream@3.6.2": {
        "integrity": "sha512-9u/sniCrY3D5WdsERHzHE4G2YCXqoG5FTHUiCC4SIbr6XcLZBY05ya9EKjYek9O5xOAwjGq+1JdGBAS7Q9ScoA==",
        "dependencies": {
          "inherits": "inherits@2.0.4",
          "string_decoder": "string_decoder@1.3.0",
          "util-deprecate": "util-deprecate@1.0.2"
        }
      },
      "rocksdb@5.2.1": {
        "integrity": "sha512-SN9RRLfqDEGfZ6MgfjpQ4DIn3+TdN5ECKYHgeuPKFy6Yw0I9hYyE46giLidngjZU47JXUmWXJDZuU1CyEcf4Fw==",
        "dependencies": {
          "abstract-leveldown": "abstract-leveldown@7.2.0",
          "napi-macros": "napi-macros@2.2.2",
          "node-gyp-build": "node-gyp-build@4.8.1"
        }
      },
      "safe-buffer@5.2.1": {
        "integrity": "sha512-rp3So07KcdmmKbGvgaNxQSJr7bGVSVk5S9Eq1F+ppbRo70+YeaDxkw5Dd8NPN+GD6bjnYm2VuPuCXmpuYvmCXQ==",
        "dependencies": {}
      },
      "snappyjs@0.7.0": {
        "integrity": "sha512-u5iEEXkMe2EInQio6Wv9LWHOQYRDbD2O9hzS27GpT/lwfIQhTCnHCTqedqHIHe9ZcvQo+9au6vngQayipz1NYw==",
        "dependencies": {}
      },
      "string_decoder@1.3.0": {
        "integrity": "sha512-hkRX8U1WjJFd8LsDJ2yQ/wWWxaopEsABU1XfkM8A+j0+85JAGppt16cr1Whg6KIbb4okU6Mql6BOj+uup/wKeA==",
        "dependencies": {
          "safe-buffer": "safe-buffer@5.2.1"
        }
      },
      "util-deprecate@1.0.2": {
        "integrity": "sha512-EPD5q1uXyFxJpCrLnCc1nHnq3gOa6DZBocAIiI2TaSCA7VCJ1UJDMagCzIkXNsUYfD1daK//LTEQ8xiIbrHtcw==",
        "dependencies": {}
      }
    }
  },
  "redirects": {
    "https://esm.sh/ethers": "https://esm.sh/ethers@6.13.0"
  },
  "remote": {
    "https://deno.land/std@0.224.0/encoding/_util.ts": "beacef316c1255da9bc8e95afb1fa56ed69baef919c88dc06ae6cb7a6103d376",
    "https://deno.land/std@0.224.0/encoding/hex.ts": "6270f25e5d85f99fcf315278670ba012b04b7c94b67715b53f30d03249687c07",
    "https://deno.land/x/sleep@v1.3.0/sleep.ts": "b6abaca093b094b0c2bba94f287b19a60946a8d15764d168f83fcf555f5bb59e",
    "https://esm.sh/ethers@6.13.0": "65f95c2d9bbd2bc2651ccd7863e86d1cb76b57fa4aedb1f8fc5db4a086a7db1c",
    "https://esm.sh/v135/@adraffy/ens-normalize@1.10.1/denonext/ens-normalize.mjs": "32a1f5e1ab2dbc99bd16efdfeee5ced3656d4b53ad059f2587d272c556110005",
    "https://esm.sh/v135/@noble/curves@1.2.0/denonext/_shortw_utils.js": "47a889dd52d7b29e8bc0d641597239d0ae0b1f10a9ee3b114c3dbd273172e9af",
    "https://esm.sh/v135/@noble/curves@1.2.0/denonext/abstract/curve.js": "d4ac165ea7e6b5e401112e5c91d38a258fc6fe1dc3afa1c391cc2e74141d2228",
    "https://esm.sh/v135/@noble/curves@1.2.0/denonext/abstract/hash-to-curve.js": "eb943276f11698b72a1da4dc51458edac705a3d827b0add5038a15c7aa6ab770",
    "https://esm.sh/v135/@noble/curves@1.2.0/denonext/abstract/modular.js": "6d0fba13e486d0929f4ab81f7774d75b2254b934e0be7dd3fd96b959c0dd7600",
    "https://esm.sh/v135/@noble/curves@1.2.0/denonext/abstract/utils.js": "33d6521fbb6756d058dff59616da1e55a55972b4848976c27e81c4b4bc36c0e4",
    "https://esm.sh/v135/@noble/curves@1.2.0/denonext/abstract/weierstrass.js": "5cb85ed9ad826f7e623f0052a55a865ad957eab06c30697804157844e82416a9",
    "https://esm.sh/v135/@noble/curves@1.2.0/denonext/secp256k1.js": "da024e491d38a1407d3bdf54f669bbefb879b710dfae945d4ca58a676fcfd37d",
    "https://esm.sh/v135/@noble/hashes@1.3.2/denonext/_assert.js": "8b3fcc3a8d18f25fded5ecb46250f2009f11e0586b0e1e33757d12b6d1b05591",
    "https://esm.sh/v135/@noble/hashes@1.3.2/denonext/_sha2.js": "9571edb1dbcf00041aaa5b4d9bafb109bb9944bf47452fae653206a0242c2a0a",
    "https://esm.sh/v135/@noble/hashes@1.3.2/denonext/crypto.js": "3d09b6d143b1cb8ec95375586a7d9a30a02b60cb1de984ba374c779f8e6c877a",
    "https://esm.sh/v135/@noble/hashes@1.3.2/denonext/hmac.js": "23f7c9bebfbb777754e776b3197005b866742ce752945bfca17bc3c3a59e0e21",
    "https://esm.sh/v135/@noble/hashes@1.3.2/denonext/pbkdf2.js": "bd2869e43867b1da6cf5ddab1bda5ca52fdcb37d176ff4cf937646b37df6476f",
    "https://esm.sh/v135/@noble/hashes@1.3.2/denonext/ripemd160.js": "d7232e571460ab5d017b0e21ad633f11a8daa5627462092b8e3e59995a4ef9bd",
    "https://esm.sh/v135/@noble/hashes@1.3.2/denonext/scrypt.js": "2ca88ca699a096ba5ea4db584b4473c022f8934eda10b124c5cb067b9c0c3c1d",
    "https://esm.sh/v135/@noble/hashes@1.3.2/denonext/sha256.js": "0c34ea09faae3f2b64691a608ffbe5b3a332f433138039c3bef2e7a53ee7f6d7",
    "https://esm.sh/v135/@noble/hashes@1.3.2/denonext/sha3.js": "e44ab8a4e0efac5ce9b89da919c4cb4a382170e329adbb845527fc0fb02e914d",
    "https://esm.sh/v135/@noble/hashes@1.3.2/denonext/sha512.js": "057089c3e7d4743a8f19ef42a0dcc3a6c9d144e0cec59040e7c17501d9677b8f",
    "https://esm.sh/v135/@noble/hashes@1.3.2/denonext/utils.js": "bbfe700df9ae51f477688035ec3dd96739f77fd2f50439a4c84bcbc1aa7c7d4a",
    "https://esm.sh/v135/aes-js@4.0.0-beta.5/denonext/aes-js.mjs": "b1b896f1484bbfc1178a000fd60d00c9f73ef9d30f5b8dcdf9796e684b231f86",
    "https://esm.sh/v135/ethers@6.13.0/denonext/abi.js": "f4ce1563818c7c6bae0654d4437dc6a1133521eb75f9f3ad17641b7695b3665b",
    "https://esm.sh/v135/ethers@6.13.0/denonext/address.js": "fd731e8b709d6eecb19ea400a2236ce0d990fa5a04cc7abedab1817aaf029dd7",
    "https://esm.sh/v135/ethers@6.13.0/denonext/constants.js": "704d99bb4725f53e474ded381887e38eb6fc0ef3ef9daa8299aab56748371d88",
    "https://esm.sh/v135/ethers@6.13.0/denonext/contract.js": "a97574cb1bce1f1d7bf56370f21d51024b7f1c9e776d01347b1d26c39b3bcd9c",
    "https://esm.sh/v135/ethers@6.13.0/denonext/crypto.js": "c6c251a5b12e797547f045462bd777045b8965ab5211f632fd6fd95f14f376f1",
    "https://esm.sh/v135/ethers@6.13.0/denonext/ethers.mjs": "c418f7efa5ec13cbdbd79166a6a04d8d484d58137cad75b03c7c4659f0c0298e",
    "https://esm.sh/v135/ethers@6.13.0/denonext/hash.js": "8e5a0752ef92d0d03daf5ec13a83354c7172e56acc95566ab8f60bc8aa980a27",
    "https://esm.sh/v135/ethers@6.13.0/denonext/providers.js": "5816ed26a47ad31c26e49a996dcad2397113231732f7c9a89c4d883fcf6503c0",
    "https://esm.sh/v135/ethers@6.13.0/denonext/transaction.js": "36c25445c98cd4ad23c04c488d3c332278638d8e3991328d93fc0377ec3df560",
    "https://esm.sh/v135/ethers@6.13.0/denonext/utils.js": "816f81e5c56f90ea2156209eeb87c409b47368cfdcb4a5473ac480d1f3027300",
    "https://esm.sh/v135/ethers@6.13.0/denonext/wallet.js": "62623b9f3a71b966cd67df4e56f1443a7d695dcbdfccba96fea398eb7eb45fc8",
    "https://esm.sh/v135/ethers@6.13.0/denonext/wordlists.js": "789fda7bbbef8ed7f5b8cec1ff33cd87ad4d7b627fdc557b2fecba5c5529e161"
  },
  "workspace": {
    "dependencies": [
      "jsr:@std/assert@^1.0.0",
      "jsr:@std/async@^1.0.0",
      "jsr:@std/cli@^1.0.0",
      "jsr:@std/collections@^1.0.5",
      "jsr:@std/encoding@^1.0.1",
      "jsr:@std/expect@^0.224.5",
      "jsr:@std/fs@^0.229.3",
      "jsr:@std/path@^1.0.1"
    ]
  }
}
